github.com/imjoseangel/functions-go v1.0.0 h1:JLxQQhUoF2So4p1VOBGCZuz19FKCdjkL69fMP5SmbFk=
github.com/imjoseangel/functions-go v1.0.0/go.mod h1:IydsoqkoeKk0oS64QA0dVKCRVssdeRU2YkDmfXIVHts=
github.com/imjoseangel/functions-go v1.0.1 h1:BV/bMkOeI9IWP5zyPHPNfN7alH7ZSKMDgdugL4D/H6I=
github.com/imjoseangel/functions-go v1.0.1/go.mod h1:IydsoqkoeKk0oS64QA0dVKCRVssdeRU2YkDmfXIVHts=
